
Microsoft Visual Studio Solution File, Format Version 12.00
# Visual Studio Version 17
VisualStudioVersion = 17.3.32819.101
MinimumVisualStudioVersion = 10.0.40219.1
Project("{FAE04EC0-301F-11D3-BF4B-00C04F79EFBC}") = "battles", "battles\battles.csproj", "{08983405-A5C3-427E-B238-46ED6F3EF5B8}"
EndProject
Global
	GlobalSection(SolutionConfigurationPlatforms) = preSolution
		Debug|Any CPU = Debug|Any CPU
		Release|Any CPU = Release|Any CPU
	EndGlobalSection
	GlobalSection(ProjectConfigurationPlatforms) = postSolution
		{08983405-A5C3-427E-B238-46ED6F3EF5B8}.Debug|Any CPU.ActiveCfg = Debug|Any CPU
		{08983405-A5C3-427E-B238-46ED6F3EF5B8}.Debug|Any CPU.Build.0 = Debug|Any CPU
		{08983405-A5C3-427E-B238-46ED6F3EF5B8}.Release|Any CPU.ActiveCfg = Release|Any CPU
		{08983405-A5C3-427E-B238-46ED6F3EF5B8}.Release|Any CPU.Build.0 = Release|Any CPU
	EndGlobalSection
	GlobalSection(SolutionProperties) = preSolution
		HideSolutionNode = FALSE
	EndGlobalSection
	GlobalSection(ExtensibilityGlobals) = postSolution
		SolutionGuid = {38480DCC-6A24-4B6B-97B1-F20F980EBF4A}
	EndGlobalSection
EndGlobal
